// !$*UTF8*$!
{
	archiveVersion = 1;
	classes = {
	};
	objectVersion = 50;
	objects = {

/* Begin PBXBuildFile section */
		D95A8E49241D4890008B1386 /* Extensions.swift in Sources */ = {isa = PBXBuildFile; fileRef = D95A8E48241D4890008B1386 /* Extensions.swift */; };
		D9614851241AE49500BF32F5 /* AppDelegate.swift in Sources */ = {isa = PBXBuildFile; fileRef = D9614850241AE49500BF32F5 /* AppDelegate.swift */; };
		D9614853241AE49500BF32F5 /* SceneDelegate.swift in Sources */ = {isa = PBXBuildFile; fileRef = D9614852241AE49500BF32F5 /* SceneDelegate.swift */; };
		D9614855241AE49500BF32F5 /* ViewController.swift in Sources */ = {isa = PBXBuildFile; fileRef = D9614854241AE49500BF32F5 /* ViewController.swift */; };
		D9614858241AE49500BF32F5 /* Main.storyboard in Resources */ = {isa = PBXBuildFile; fileRef = D9614856241AE49500BF32F5 /* Main.storyboard */; };
		D961485A241AE49700BF32F5 /* Assets.xcassets in Resources */ = {isa = PBXBuildFile; fileRef = D9614859241AE49700BF32F5 /* Assets.xcassets */; };
		D961485D241AE49700BF32F5 /* LaunchScreen.storyboard in Resources */ = {isa = PBXBuildFile; fileRef = D961485B241AE49700BF32F5 /* LaunchScreen.storyboard */; };
		D9614868241AE49700BF32F5 /* WeatherTheStormsTests.swift in Sources */ = {isa = PBXBuildFile; fileRef = D9614867241AE49700BF32F5 /* WeatherTheStormsTests.swift */; };
		D9614873241AE49700BF32F5 /* WeatherTheStormsUITests.swift in Sources */ = {isa = PBXBuildFile; fileRef = D9614872241AE49700BF32F5 /* WeatherTheStormsUITests.swift */; };
/* End PBXBuildFile section */

/* Begin PBXContainerItemProxy section */
		D9614864241AE49700BF32F5 /* PBXContainerItemProxy */ = {
			isa = PBXContainerItemProxy;
			containerPortal = D9614845241AE49500BF32F5 /* Project object */;
			proxyType = 1;
			remoteGlobalIDString = D961484C241AE49500BF32F5;
			remoteInfo = WeatherTheStorms;
		};
		D961486F241AE49700BF32F5 /* PBXContainerItemProxy */ = {
			isa = PBXContainerItemProxy;
			containerPortal = D9614845241AE49500BF32F5 /* Project object */;
			proxyType = 1;
			remoteGlobalIDString = D961484C241AE49500BF32F5;
			remoteInfo = WeatherTheStorms;
		};
/* End PBXContainerItemProxy section */

/* Begin PBXFileReference section */
		D95A8E48241D4890008B1386 /* Extensions.swift */ = {isa = PBXFileReference; lastKnownFileType = sourcecode.swift; path = Extensions.swift; sourceTree = "<group>"; };
		D961484D241AE49500BF32F5 /* WeatherTheStorms.app */ = {isa = PBXFileReference; explicitFileType = wrapper.application; includeInIndex = 0; path = WeatherTheStorms.app; sourceTree = BUILT_PRODUCTS_DIR; };
		D9614850241AE49500BF32F5 /* AppDelegate.swift */ = {isa = PBXFileReference; lastKnownFileType = sourcecode.swift; path = AppDelegate.swift; sourceTree = "<group>"; };
		D9614852241AE49500BF32F5 /* SceneDelegate.swift */ = {isa = PBXFileReference; lastKnownFileType = sourcecode.swift; path = SceneDelegate.swift; sourceTree = "<group>"; };
		D9614854241AE49500BF32F5 /* ViewController.swift */ = {isa = PBXFileReference; lastKnownFileType = sourcecode.swift; path = ViewController.swift; sourceTree = "<group>"; };
		D9614857241AE49500BF32F5 /* Base */ = {isa = PBXFileReference; lastKnownFileType = file.storyboard; name = Base; path = Base.lproj/Main.storyboard; sourceTree = "<group>"; };
		D9614859241AE49700BF32F5 /* Assets.xcassets */ = {isa = PBXFileReference; lastKnownFileType = folder.assetcatalog; path = Assets.xcassets; sourceTree = "<group>"; };
		D961485C241AE49700BF32F5 /* Base */ = {isa = PBXFileReference; lastKnownFileType = file.storyboard; name = Base; path = Base.lproj/LaunchScreen.storyboard; sourceTree = "<group>"; };
		D961485E241AE49700BF32F5 /* Info.plist */ = {isa = PBXFileReference; lastKnownFileType = text.plist.xml; path = Info.plist; sourceTree = "<group>"; };
		D9614863241AE49700BF32F5 /* WeatherTheStormsTests.xctest */ = {isa = PBXFileReference; explicitFileType = wrapper.cfbundle; includeInIndex = 0; path = WeatherTheStormsTests.xctest; sourceTree = BUILT_PRODUCTS_DIR; };
		D9614867241AE49700BF32F5 /* WeatherTheStormsTests.swift */ = {isa = PBXFileReference; lastKnownFileType = sourcecode.swift; path = WeatherTheStormsTests.swift; sourceTree = "<group>"; };
		D9614869241AE49700BF32F5 /* Info.plist */ = {isa = PBXFileReference; lastKnownFileType = text.plist.xml; path = Info.plist; sourceTree = "<group>"; };
		D961486E241AE49700BF32F5 /* WeatherTheStormsUITests.xctest */ = {isa = PBXFileReference; explicitFileType = wrapper.cfbundle; includeInIndex = 0; path = WeatherTheStormsUITests.xctest; sourceTree = BUILT_PRODUCTS_DIR; };
		D9614872241AE49700BF32F5 /* WeatherTheStormsUITests.swift */ = {isa = PBXFileReference; lastKnownFileType = sourcecode.swift; path = WeatherTheStormsUITests.swift; sourceTree = "<group>"; };
		D9614874241AE49700BF32F5 /* Info.plist */ = {isa = PBXFileReference; lastKnownFileType = text.plist.xml; path = Info.plist; sourceTree = "<group>"; };
/* End PBXFileReference section */

/* Begin PBXFrameworksBuildPhase section */
		D961484A241AE49500BF32F5 /* Frameworks */ = {
			isa = PBXFrameworksBuildPhase;
			buildActionMask = 2147483647;
			files = (
			);
			runOnlyForDeploymentPostprocessing = 0;
		};
		D9614860241AE49700BF32F5 /* Frameworks */ = {
			isa = PBXFrameworksBuildPhase;
			buildActionMask = 2147483647;
			files = (
			);
			runOnlyForDeploymentPostprocessing = 0;
		};
		D961486B241AE49700BF32F5 /* Frameworks */ = {
			isa = PBXFrameworksBuildPhase;
			buildActionMask = 2147483647;
			files = (
			);
			runOnlyForDeploymentPostprocessing = 0;
		};
/* End PBXFrameworksBuildPhase section */

/* Begin PBXGroup section */
		D9614844241AE49500BF32F5 = {
			isa = PBXGroup;
			children = (
				D961484F241AE49500BF32F5 /* WeatherTheStorms */,
				D9614866241AE49700BF32F5 /* WeatherTheStormsTests */,
				D9614871241AE49700BF32F5 /* WeatherTheStormsUITests */,
				D961484E241AE49500BF32F5 /* Products */,
			);
			sourceTree = "<group>";
		};
		D961484E241AE49500BF32F5 /* Products */ = {
			isa = PBXGroup;
			children = (
				D961484D241AE49500BF32F5 /* WeatherTheStorms.app */,
				D9614863241AE49700BF32F5 /* WeatherTheStormsTests.xctest */,
				D961486E241AE49700BF32F5 /* WeatherTheStormsUITests.xctest */,
			);
			name = Products;
			sourceTree = "<group>";
		};
		D961484F241AE49500BF32F5 /* WeatherTheStorms */ = {
			isa = PBXGroup;
			children = (
				D9614850241AE49500BF32F5 /* AppDelegate.swift */,
				D9614852241AE49500BF32F5 /* SceneDelegate.swift */,
				D9614854241AE49500BF32F5 /* ViewController.swift */,
				D95A8E48241D4890008B1386 /* Extensions.swift */,
				D9614856241AE49500BF32F5 /* Main.storyboard */,
				D9614859241AE49700BF32F5 /* Assets.xcassets */,
				D961485B241AE49700BF32F5 /* LaunchScreen.storyboard */,
				D961485E241AE49700BF32F5 /* Info.plist */,
			);
			path = WeatherTheStorms;
			sourceTree = "<group>";
		};
		D9614866241AE49700BF32F5 /* WeatherTheStormsTests */ = {
			isa = PBXGroup;
			children = (
				D9614867241AE49700BF32F5 /* WeatherTheStormsTests.swift */,
				D9614869241AE49700BF32F5 /* Info.plist */,
			);
			path = WeatherTheStormsTests;
			sourceTree = "<group>";
		};
		D9614871241AE49700BF32F5 /* WeatherTheStormsUITests */ = {
			isa = PBXGroup;
			children = (
				D9614872241AE49700BF32F5 /* WeatherTheStormsUITests.swift */,
				D9614874241AE49700BF32F5 /* Info.plist */,
			);
			path = WeatherTheStormsUITests;
			sourceTree = "<group>";
		};
/* End PBXGroup section */

/* Begin PBXNativeTarget section */
		D961484C241AE49500BF32F5 /* WeatherTheStorms */ = {
			isa = PBXNativeTarget;
			buildConfigurationList = D9614877241AE49700BF32F5 /* Build configuration list for PBXNativeTarget "WeatherTheStorms" */;
			buildPhases = (
				D9614849241AE49500BF32F5 /* Sources */,
				D961484A241AE49500BF32F5 /* Frameworks */,
				D961484B241AE49500BF32F5 /* Resources */,
			);
			buildRules = (
			);
			dependencies = (
			);
			name = WeatherTheStorms;
			productName = WeatherTheStorms;
			productReference = D961484D241AE49500BF32F5 /* WeatherTheStorms.app */;
			productType = "com.apple.product-type.application";
		};
		D9614862241AE49700BF32F5 /* WeatherTheStormsTests */ = {
			isa = PBXNativeTarget;
			buildConfigurationList = D961487A241AE49700BF32F5 /* Build configuration list for PBXNativeTarget "WeatherTheStormsTests" */;
			buildPhases = (
				D961485F241AE49700BF32F5 /* Sources */,
				D9614860241AE49700BF32F5 /* Frameworks */,
				D9614861241AE49700BF32F5 /* Resources */,
			);
			buildRules = (
			);
			dependencies = (
				D9614865241AE49700BF32F5 /* PBXTargetDependency */,
			);
			name = WeatherTheStormsTests;
			productName = WeatherTheStormsTests;
			productReference = D9614863241AE49700BF32F5 /* WeatherTheStormsTests.xctest */;
			productType = "com.apple.product-type.bundle.unit-test";
		};
		D961486D241AE49700BF32F5 /* WeatherTheStormsUITests */ = {
			isa = PBXNativeTarget;
			buildConfigurationList = D961487D241AE49700BF32F5 /* Build configuration list for PBXNativeTarget "WeatherTheStormsUITests" */;
			buildPhases = (
				D961486A241AE49700BF32F5 /* Sources */,
				D961486B241AE49700BF32F5 /* Frameworks */,
				D961486C241AE49700BF32F5 /* Resources */,
			);
			buildRules = (
			);
			dependencies = (
				D9614870241AE49700BF32F5 /* PBXTargetDependency */,
			);
			name = WeatherTheStormsUITests;
			productName = WeatherTheStormsUITests;
			productReference = D961486E241AE49700BF32F5 /* WeatherTheStormsUITests.xctest */;
			productType = "com.apple.product-type.bundle.ui-testing";
		};
/* End PBXNativeTarget section */

/* Begin PBXProject section */
		D9614845241AE49500BF32F5 /* Project object */ = {
			isa = PBXProject;
			attributes = {
				LastSwiftUpdateCheck = 1130;
				LastUpgradeCheck = 1130;
				ORGANIZATIONNAME = "Michael Kucinski";
				TargetAttributes = {
					D961484C241AE49500BF32F5 = {
						CreatedOnToolsVersion = 11.3.1;
					};
					D9614862241AE49700BF32F5 = {
						CreatedOnToolsVersion = 11.3.1;
						TestTargetID = D961484C241AE49500BF32F5;
					};
					D961486D241AE49700BF32F5 = {
						CreatedOnToolsVersion = 11.3.1;
						TestTargetID = D961484C241AE49500BF32F5;
					};
				};
			};
			buildConfigurationList = D9614848241AE49500BF32F5 /* Build configuration list for PBXProject "WeatherTheStorms" */;
			compatibilityVersion = "Xcode 9.3";
			developmentRegion = en;
			hasScannedForEncodings = 0;
			knownRegions = (
				en,
				Base,
			);
			mainGroup = D9614844241AE49500BF32F5;
			productRefGroup = D961484E241AE49500BF32F5 /* Products */;
			projectDirPath = "";
			projectRoot = "";
			targets = (
				D961484C241AE49500BF32F5 /* WeatherTheStorms */,
				D9614862241AE49700BF32F5 /* WeatherTheStormsTests */,
				D961486D241AE49700BF32F5 /* WeatherTheStormsUITests */,
			);
		};
/* End PBXProject section */

/* Begin PBXResourcesBuildPhase section */
		D961484B241AE49500BF32F5 /* Resources */ = {
			isa = PBXResourcesBuildPhase;
			buildActionMask = 2147483647;
			files = (
				D961485D241AE49700BF32F5 /* LaunchScreen.storyboard in Resources */,
				D961485A241AE49700BF32F5 /* Assets.xcassets in Resources */,
				D9614858241AE49500BF32F5 /* Main.storyboard in Resources */,
			);
			runOnlyForDeploymentPostprocessing = 0;
		};
		D9614861241AE49700BF32F5 /* Resources */ = {
			isa = PBXResourcesBuildPhase;
			buildActionMask = 2147483647;
			files = (
			);
			runOnlyForDeploymentPostprocessing = 0;
		};
		D961486C241AE49700BF32F5 /* Resources */ = {
			isa = PBXResourcesBuildPhase;
			buildActionMask = 2147483647;
			files = (
			);
			runOnlyForDeploymentPostprocessing = 0;
		};
/* End PBXResourcesBuildPhase section */

/* Begin PBXSourcesBuildPhase section */
		D9614849241AE49500BF32F5 /* Sources */ = {
			isa = PBXSourcesBuildPhase;
			buildActionMask = 2147483647;
			files = (
				D9614855241AE49500BF32F5 /* ViewController.swift in Sources */,
				D9614851241AE49500BF32F5 /* AppDelegate.swift in Sources */,
				D9614853241AE49500BF32F5 /* SceneDelegate.swift in Sources */,
				D95A8E49241D4890008B1386 /* Extensions.swift in Sources */,
			);
			runOnlyForDeploymentPostprocessing = 0;
		};
		D961485F241AE49700BF32F5 /* Sources */ = {
			isa = PBXSourcesBuildPhase;
			buildActionMask = 2147483647;
			files = (
				D9614868241AE49700BF32F5 /* WeatherTheStormsTests.swift in Sources */,
			);
			runOnlyForDeploymentPostprocessing = 0;
		};
		D961486A241AE49700BF32F5 /* Sources */ = {
			isa = PBXSourcesBuildPhase;
			buildActionMask = 2147483647;
			files = (
				D9614873241AE49700BF32F5 /* WeatherTheStormsUITests.swift in Sources */,
			);
			runOnlyForDeploymentPostprocessing = 0;
		};
/* End PBXSourcesBuildPhase section */

/* Begin PBXTargetDependency section */
		D9614865241AE49700BF32F5 /* PBXTargetDependency */ = {
			isa = PBXTargetDependency;
			target = D961484C241AE49500BF32F5 /* WeatherTheStorms */;
			targetProxy = D9614864241AE49700BF32F5 /* PBXContainerItemProxy */;
		};
		D9614870241AE49700BF32F5 /* PBXTargetDependency */ = {
			isa = PBXTargetDependency;
			target = D961484C241AE49500BF32F5 /* WeatherTheStorms */;
			targetProxy = D961486F241AE49700BF32F5 /* PBXContainerItemProxy */;
		};
/* End PBXTargetDependency section */

/* Begin PBXVariantGroup section */
		D9614856241AE49500BF32F5 /* Main.storyboard */ = {
			isa = PBXVariantGroup;
			children = (
				D9614857241AE49500BF32F5 /* Base */,
			);
			name = Main.storyboard;
			sourceTree = "<group>";
		};
		D961485B241AE49700BF32F5 /* LaunchScreen.storyboard */ = {
			isa = PBXVariantGroup;
			children = (
				D961485C241AE49700BF32F5 /* Base */,
			);
			name = LaunchScreen.storyboard;
			sourceTree = "<group>";
		};
/* End PBXVariantGroup section */

/* Begin XCBuildConfiguration section */
		D9614875241AE49700BF32F5 /* Debug */ = {
			isa = XCBuildConfiguration;
			buildSettings = {
				ALWAYS_SEARCH_USER_PATHS = NO;
				CLANG_ANALYZER_NONNULL = YES;
				CLANG_ANALYZER_NUMBER_OBJECT_CONVERSION = YES_AGGRESSIVE;
				CLANG_CXX_LANGUAGE_STANDARD = "gnu++14";
				CLANG_CXX_LIBRARY = "libc++";
				CLANG_ENABLE_MODULES = YES;
				CLANG_ENABLE_OBJC_ARC = YES;
				CLANG_ENABLE_OBJC_WEAK = YES;
				CLANG_WARN_BLOCK_CAPTURE_AUTORELEASING = YES;
				CLANG_WARN_BOOL_CONVERSION = YES;
				CLANG_WARN_COMMA = YES;
				CLANG_WARN_CONSTANT_CONVERSION = YES;
				CLANG_WARN_DEPRECATED_OBJC_IMPLEMENTATIONS = YES;
				CLANG_WARN_DIRECT_OBJC_ISA_USAGE = YES_ERROR;
				CLANG_WARN_DOCUMENTATION_COMMENTS = YES;
				CLANG_WARN_EMPTY_BODY = YES;
				CLANG_WARN_ENUM_CONVERSION = YES;
				CLANG_WARN_INFINITE_RECURSION = YES;
				CLANG_WARN_INT_CONVERSION = YES;
				CLANG_WARN_NON_LITERAL_NULL_CONVERSION = YES;
				CLANG_WARN_OBJC_IMPLICIT_RETAIN_SELF = YES;
				CLANG_WARN_OBJC_LITERAL_CONVERSION = YES;
				CLANG_WARN_OBJC_ROOT_CLASS = YES_ERROR;
				CLANG_WARN_RANGE_LOOP_ANALYSIS = YES;
				CLANG_WARN_STRICT_PROTOTYPES = YES;
				CLANG_WARN_SUSPICIOUS_MOVE = YES;
				CLANG_WARN_UNGUARDED_AVAILABILITY = YES_AGGRESSIVE;
				CLANG_WARN_UNREACHABLE_CODE = YES;
				CLANG_WARN__DUPLICATE_METHOD_MATCH = YES;
				COPY_PHASE_STRIP = NO;
				DEBUG_INFORMATION_FORMAT = dwarf;
				ENABLE_STRICT_OBJC_MSGSEND = YES;
				ENABLE_TESTABILITY = YES;
				GCC_C_LANGUAGE_STANDARD = gnu11;
				GCC_DYNAMIC_NO_PIC = NO;
				GCC_NO_COMMON_BLOCKS = YES;
				GCC_OPTIMIZATION_LEVEL = 0;
				GCC_PREPROCESSOR_DEFINITIONS = (
					"DEBUG=1",
					"$(inherited)",
				);
				GCC_WARN_64_TO_32_BIT_CONVERSION = YES;
				GCC_WARN_ABOUT_RETURN_TYPE = YES_ERROR;
				GCC_WARN_UNDECLARED_SELECTOR = YES;
				GCC_WARN_UNINITIALIZED_AUTOS = YES_AGGRESSIVE;
				GCC_WARN_UNUSED_FUNCTION = YES;
				GCC_WARN_UNUSED_VARIABLE = YES;
				IPHONEOS_DEPLOYMENT_TARGET = 13.2;
				MTL_ENABLE_DEBUG_INFO = INCLUDE_SOURCE;
				MTL_FAST_MATH = YES;
				ONLY_ACTIVE_ARCH = YES;
				SDKROOT = iphoneos;
				SWIFT_ACTIVE_COMPILATION_CONDITIONS = DEBUG;
				SWIFT_OPTIMIZATION_LEVEL = "-Onone";
			};
			name = Debug;
		};
		D9614876241AE49700BF32F5 /* Release */ = {
			isa = XCBuildConfiguration;
			buildSettings = {
				ALWAYS_SEARCH_USER_PATHS = NO;
				CLANG_ANALYZER_NONNULL = YES;
				CLANG_ANALYZER_NUMBER_OBJECT_CONVERSION = YES_AGGRESSIVE;
				CLANG_CXX_LANGUAGE_STANDARD = "gnu++14";
				CLANG_CXX_LIBRARY = "libc++";
				CLANG_ENABLE_MODULES = YES;
				CLANG_ENABLE_OBJC_ARC = YES;
				CLANG_ENABLE_OBJC_WEAK = YES;
				CLANG_WARN_BLOCK_CAPTURE_AUTORELEASING = YES;
				CLANG_WARN_BOOL_CONVERSION = YES;
				CLANG_WARN_COMMA = YES;
				CLANG_WARN_CONSTANT_CONVERSION = YES;
				CLANG_WARN_DEPRECATED_OBJC_IMPLEMENTATIONS = YES;
				CLANG_WARN_DIRECT_OBJC_ISA_USAGE = YES_ERROR;
				CLANG_WARN_DOCUMENTATION_COMMENTS = YES;
				CLANG_WARN_EMPTY_BODY = YES;
				CLANG_WARN_ENUM_CONVERSION = YES;
				CLANG_WARN_INFINITE_RECURSION = YES;
				CLANG_WARN_INT_CONVERSION = YES;
				CLANG_WARN_NON_LITERAL_NULL_CONVERSION = YES;
				CLANG_WARN_OBJC_IMPLICIT_RETAIN_SELF = YES;
				CLANG_WARN_OBJC_LITERAL_CONVERSION = YES;
				CLANG_WARN_OBJC_ROOT_CLASS = YES_ERROR;
				CLANG_WARN_RANGE_LOOP_ANALYSIS = YES;
				CLANG_WARN_STRICT_PROTOTYPES = YES;
				CLANG_WARN_SUSPICIOUS_MOVE = YES;
				CLANG_WARN_UNGUARDED_AVAILABILITY = YES_AGGRESSIVE;
				CLANG_WARN_UNREACHABLE_CODE = YES;
				CLANG_WARN__DUPLICATE_METHOD_MATCH = YES;
				COPY_PHASE_STRIP = NO;
				DEBUG_INFORMATION_FORMAT = "dwarf-with-dsym";
				ENABLE_NS_ASSERTIONS = NO;
				ENABLE_STRICT_OBJC_MSGSEND = YES;
				GCC_C_LANGUAGE_STANDARD = gnu11;
				GCC_NO_COMMON_BLOCKS = YES;
				GCC_WARN_64_TO_32_BIT_CONVERSION = YES;
				GCC_WARN_ABOUT_RETURN_TYPE = YES_ERROR;
				GCC_WARN_UNDECLARED_SELECTOR = YES;
				GCC_WARN_UNINITIALIZED_AUTOS = YES_AGGRESSIVE;
				GCC_WARN_UNUSED_FUNCTION = YES;
				GCC_WARN_UNUSED_VARIABLE = YES;
				IPHONEOS_DEPLOYMENT_TARGET = 13.2;
				MTL_ENABLE_DEBUG_INFO = NO;
				MTL_FAST_MATH = YES;
				SDKROOT = iphoneos;
				SWIFT_COMPILATION_MODE = wholemodule;
				SWIFT_OPTIMIZATION_LEVEL = "-O";
				VALIDATE_PRODUCT = YES;
			};
			name = Release;
		};
		D9614878241AE49700BF32F5 /* Debug */ = {
			isa = XCBuildConfiguration;
			buildSettings = {
				ASSETCATALOG_COMPILER_APPICON_NAME = AppIcon;
				CODE_SIGN_STYLE = Automatic;
				DEVELOPMENT_TEAM = 4X8KYDPT79;
				INFOPLIST_FILE = WeatherTheStorms/Info.plist;
				LD_RUNPATH_SEARCH_PATHS = (
					"$(inherited)",
					"@executable_path/Frameworks",
				);
				PRODUCT_BUNDLE_IDENTIFIER = com.LogicEngineDesigns.MemeGoViral.WeatherTheStorms;
				PRODUCT_NAME = "$(TARGET_NAME)";
				SWIFT_VERSION = 5.0;
				TARGETED_DEVICE_FAMILY = "1,2";
			};
			name = Debug;
		};
		D9614879241AE49700BF32F5 /* Release */ = {
			isa = XCBuildConfiguration;
			buildSettings = {
				ASSETCATALOG_COMPILER_APPICON_NAME = AppIcon;
				CODE_SIGN_STYLE = Automatic;
				DEVELOPMENT_TEAM = 4X8KYDPT79;
				INFOPLIST_FILE = WeatherTheStorms/Info.plist;
				LD_RUNPATH_SEARCH_PATHS = (
					"$(inherited)",
					"@executable_path/Frameworks",
				);
				PRODUCT_BUNDLE_IDENTIFIER = com.LogicEngineDesigns.MemeGoViral.WeatherTheStorms;
				PRODUCT_NAME = "$(TARGET_NAME)";
				SWIFT_VERSION = 5.0;
				TARGETED_DEVICE_FAMILY = "1,2";
			};
			name = Release;
		};
		D961487B241AE49700BF32F5 /* Debug */ = {
			isa = XCBuildConfiguration;
			buildSettings = {
				ALWAYS_EMBED_SWIFT_STANDARD_LIBRARIES = YES;
				BUNDLE_LOADER = "$(TEST_HOST)";
				CODE_SIGN_STYLE = Automatic;
				DEVELOPMENT_TEAM = 4X8KYDPT79;
				INFOPLIST_FILE = WeatherTheStormsTests/Info.plist;
				IPHONEOS_DEPLOYMENT_TARGET = 13.2;
				LD_RUNPATH_SEARCH_PATHS = (
					"$(inherited)",
					"@executable_path/Frameworks",
					"@loader_path/Frameworks",
				);
				PRODUCT_BUNDLE_IDENTIFIER = com.LogicEngineDesigns.MemeGoViral.WeatherTheStormsTests;
				PRODUCT_NAME = "$(TARGET_NAME)";
				SWIFT_VERSION = 5.0;
				TARGETED_DEVICE_FAMILY = "1,2";
				TEST_HOST = "$(BUILT_PRODUCTS_DIR)/WeatherTheStorms.app/WeatherTheStorms";
			};
			name = Debug;
		};
		D961487C241AE49700BF32F5 /* Release */ = {
			isa = XCBuildConfiguration;
			buildSettings = {
				ALWAYS_EMBED_SWIFT_STANDARD_LIBRARIES = YES;
				BUNDLE_LOADER = "$(TEST_HOST)";
				CODE_SIGN_STYLE = Automatic;
				DEVELOPMENT_TEAM = 4X8KYDPT79;
				INFOPLIST_FILE = WeatherTheStormsTests/Info.plist;
				IPHONEOS_DEPLOYMENT_TARGET = 13.2;
				LD_RUNPATH_SEARCH_PATHS = (
					"$(inherited)",
					"@executable_path/Frameworks",
					"@loader_path/Frameworks",
				);
				PRODUCT_BUNDLE_IDENTIFIER = com.LogicEngineDesigns.MemeGoViral.WeatherTheStormsTests;
				PRODUCT_NAME = "$(TARGET_NAME)";
				SWIFT_VERSION = 5.0;
				TARGETED_DEVICE_FAMILY = "1,2";
				TEST_HOST = "$(BUILT_PRODUCTS_DIR)/WeatherTheStorms.app/WeatherTheStorms";
			};
			name = Release;
		};
		D961487E241AE49700BF32F5 /* Debug */ = {
			isa = XCBuildConfiguration;
			buildSettings = {
				ALWAYS_EMBED_SWIFT_STANDARD_LIBRARIES = YES;
				CODE_SIGN_STYLE = Automatic;
				DEVELOPMENT_TEAM = 4X8KYDPT79;
				INFOPLIST_FILE = WeatherTheStormsUITests/Info.plist;
				LD_RUNPATH_SEARCH_PATHS = (
					"$(inherited)",
					"@executable_path/Frameworks",
					"@loader_path/Frameworks",
				);
				PRODUCT_BUNDLE_IDENTIFIER = com.LogicEngineDesigns.MemeGoViral.WeatherTheStormsUITests;
				PRODUCT_NAME = "$(TARGET_NAME)";
				SWIFT_VERSION = 5.0;
				TARGETED_DEVICE_FAMILY = "1,2";
				TEST_TARGET_NAME = WeatherTheStorms;
			};
			name = Debug;
		};
		D961487F241AE49700BF32F5 /* Release */ = {
			isa = XCBuildConfiguration;
			buildSettings = {
				ALWAYS_EMBED_SWIFT_STANDARD_LIBRARIES = YES;
				CODE_SIGN_STYLE = Automatic;
				DEVELOPMENT_TEAM = 4X8KYDPT79;
				INFOPLIST_FILE = WeatherTheStormsUITests/Info.plist;
				LD_RUNPATH_SEARCH_PATHS = (
					"$(inherited)",
					"@executable_path/Frameworks",
					"@loader_path/Frameworks",
				);
				PRODUCT_BUNDLE_IDENTIFIER = com.LogicEngineDesigns.MemeGoViral.WeatherTheStormsUITests;
				PRODUCT_NAME = "$(TARGET_NAME)";
				SWIFT_VERSION = 5.0;
				TARGETED_DEVICE_FAMILY = "1,2";
				TEST_TARGET_NAME = WeatherTheStorms;
			};
			name = Release;
		};
/* End XCBuildConfiguration section */

/* Begin XCConfigurationList section */
		D9614848241AE49500BF32F5 /* Build configuration list for PBXProject "WeatherTheStorms" */ = {
			isa = XCConfigurationList;
			buildConfigurations = (
				D9614875241AE49700BF32F5 /* Debug */,
				D9614876241AE49700BF32F5 /* Release */,
			);
			defaultConfigurationIsVisible = 0;
			defaultConfigurationName = Release;
		};
		D9614877241AE49700BF32F5 /* Build configuration list for PBXNativeTarget "WeatherTheStorms" */ = {
			isa = XCConfigurationList;
			buildConfigurations = (
				D9614878241AE49700BF32F5 /* Debug */,
				D9614879241AE49700BF32F5 /* Release */,
			);
			defaultConfigurationIsVisible = 0;
			defaultConfigurationName = Release;
		};
		D961487A241AE49700BF32F5 /* Build configuration list for PBXNativeTarget "WeatherTheStormsTests" */ = {
			isa = XCConfigurationList;
			buildConfigurations = (
				D961487B241AE49700BF32F5 /* Debug */,
				D961487C241AE49700BF32F5 /* Release */,
			);
			defaultConfigurationIsVisible = 0;
			defaultConfigurationName = Release;
		};
		D961487D241AE49700BF32F5 /* Build configuration list for PBXNativeTarget "WeatherTheStormsUITests" */ = {
			isa = XCConfigurationList;
			buildConfigurations = (
				D961487E241AE49700BF32F5 /* Debug */,
				D961487F241AE49700BF32F5 /* Release */,
			);
			defaultConfigurationIsVisible = 0;
			defaultConfigurationName = Release;
		};
/* End XCConfigurationList section */
	};
	rootObject = D9614845241AE49500BF32F5 /* Project object */;
}
